
Microsoft Visual Studio Solution File, Format Version 12.00
# Visual Studio Version 17
VisualStudioVersion = 17.8.34309.116
MinimumVisualStudioVersion = 10.0.40219.1
Project("{FAE04EC0-301F-11D3-BF4B-00C04F79EFBC}") = "MultiShop", "MultiShop\MultiShop.csproj", "{DC132E56-6AD0-46CB-A553-339915E00A1F}"
EndProject
Global
	GlobalSection(SolutionConfigurationPlatforms) = preSolution
		Debug|Any CPU = Debug|Any CPU
		Release|Any CPU = Release|Any CPU
	EndGlobalSection
	GlobalSection(ProjectConfigurationPlatforms) = postSolution
		{DC132E56-6AD0-46CB-A553-339915E00A1F}.Debug|Any CPU.ActiveCfg = Debug|Any CPU
		{DC132E56-6AD0-46CB-A553-339915E00A1F}.Debug|Any CPU.Build.0 = Debug|Any CPU
		{DC132E56-6AD0-46CB-A553-339915E00A1F}.Release|Any CPU.ActiveCfg = Release|Any CPU
		{DC132E56-6AD0-46CB-A553-339915E00A1F}.Release|Any CPU.Build.0 = Release|Any CPU
	EndGlobalSection
	GlobalSection(SolutionProperties) = preSolution
		HideSolutionNode = FALSE
	EndGlobalSection
	GlobalSection(ExtensibilityGlobals) = postSolution
		SolutionGuid = {37A409C1-B280-46CB-8674-C884FE1C2BDC}
	EndGlobalSection
EndGlobal
